// !$*UTF8*$!
{
	archiveVersion = 1;
	classes = {
	};
	objectVersion = 46;
	objects = {

/* Begin PBXBuildFile section */
		F4598947196EF09F00442E77 /* cuadro_scan@2x.png in Resources */ = {isa = PBXBuildFile; fileRef = F4598946196EF09F00442E77 /* cuadro_scan@2x.png */; };
		F45A73D7196F1B60003A6F6A /* simbolo_arte@2x.png in Resources */ = {isa = PBXBuildFile; fileRef = F45A73D6196F1B60003A6F6A /* simbolo_arte@2x.png */; };
		F45A73DB196F1D9F003A6F6A /* simbolo_cine@2x.png in Resources */ = {isa = PBXBuildFile; fileRef = F45A73D8196F1D9F003A6F6A /* simbolo_cine@2x.png */; };
		F45A73DC196F1D9F003A6F6A /* simbolo_lectura@2x.png in Resources */ = {isa = PBXBuildFile; fileRef = F45A73D9196F1D9F003A6F6A /* simbolo_lectura@2x.png */; };
		F45A73DD196F1D9F003A6F6A /* simbolo_letras@2x.png in Resources */ = {isa = PBXBuildFile; fileRef = F45A73DA196F1D9F003A6F6A /* simbolo_letras@2x.png */; };
		F45A73E2196F2484003A6F6A /* img_favoritos@2x.png in Resources */ = {isa = PBXBuildFile; fileRef = F45A73E1196F2484003A6F6A /* img_favoritos@2x.png */; };
		F45A73E5196F24A8003A6F6A /* corazon_favoritos@2x.png in Resources */ = {isa = PBXBuildFile; fileRef = F45A73E4196F24A8003A6F6A /* corazon_favoritos@2x.png */; };
		F45AF77C196D9C7100A36788 /* bar_foto.png in Resources */ = {isa = PBXBuildFile; fileRef = F45AF762196D9C7100A36788 /* bar_foto.png */; };
		F45AF781196D9C7100A36788 /* home1.png in Resources */ = {isa = PBXBuildFile; fileRef = F45AF768196D9C7100A36788 /* home1.png */; };
		F45E1C87197D90F4006FE945 /* MapAnnotation.m in Sources */ = {isa = PBXBuildFile; fileRef = F45E1C86197D90F4006FE945 /* MapAnnotation.m */; };
		F45E1C8A197DC346006FE945 /* MapAnnotationView.m in Sources */ = {isa = PBXBuildFile; fileRef = F45E1C89197DC346006FE945 /* MapAnnotationView.m */; };
		F45E1C8C197ECE09006FE945 /* pin_mapa@2x.png in Resources */ = {isa = PBXBuildFile; fileRef = F45E1C8B197ECE09006FE945 /* pin_mapa@2x.png */; };
		F45E1C90197EE1B7006FE945 /* flecha_mapa@2x.png in Resources */ = {isa = PBXBuildFile; fileRef = F45E1C8F197EE1B7006FE945 /* flecha_mapa@2x.png */; };
		F45E1C98197F1570006FE945 /* Driving@2x.png in Resources */ = {isa = PBXBuildFile; fileRef = F45E1C97197F1570006FE945 /* Driving@2x.png */; };
		F47AD7A9197F1E6800E755B4 /* color@2x.png in Resources */ = {isa = PBXBuildFile; fileRef = F47AD7A8197F1E6800E755B4 /* color@2x.png */; };
		F47AD7AC198033DA00E755B4 /* MainTabBarController.m in Sources */ = {isa = PBXBuildFile; fileRef = F47AD7AB198033DA00E755B4 /* MainTabBarController.m */; };
		F47AD7BB1980431400E755B4 /* eventos@2x.png in Resources */ = {isa = PBXBuildFile; fileRef = F47AD7B01980431400E755B4 /* eventos@2x.png */; };
		F47AD7BC1980431400E755B4 /* eventos_active@2x.png in Resources */ = {isa = PBXBuildFile; fileRef = F47AD7B11980431400E755B4 /* eventos_active@2x.png */; };
		F47AD7BD1980431400E755B4 /* home@2x.png in Resources */ = {isa = PBXBuildFile; fileRef = F47AD7B21980431400E755B4 /* home@2x.png */; };
		F47AD7BE1980431400E755B4 /* home_active@2x.png in Resources */ = {isa = PBXBuildFile; fileRef = F47AD7B31980431400E755B4 /* home_active@2x.png */; };
		F47AD7BF1980431400E755B4 /* mapa@2x.png in Resources */ = {isa = PBXBuildFile; fileRef = F47AD7B41980431400E755B4 /* mapa@2x.png */; };
		F47AD7C01980431400E755B4 /* mapa_active@2x.png in Resources */ = {isa = PBXBuildFile; fileRef = F47AD7B51980431400E755B4 /* mapa_active@2x.png */; };
		F47AD7C11980431400E755B4 /* menu@2x.png in Resources */ = {isa = PBXBuildFile; fileRef = F47AD7B61980431400E755B4 /* menu@2x.png */; };
		F47AD7C21980431400E755B4 /* menu_active@2x.png in Resources */ = {isa = PBXBuildFile; fileRef = F47AD7B71980431400E755B4 /* menu_active@2x.png */; };
		F47AD7C31980431400E755B4 /* scan@2x.png in Resources */ = {isa = PBXBuildFile; fileRef = F47AD7B81980431400E755B4 /* scan@2x.png */; };
		F47AD7C41980431400E755B4 /* scan_active@2x.png in Resources */ = {isa = PBXBuildFile; fileRef = F47AD7B91980431400E755B4 /* scan_active@2x.png */; };
		F47AD7C51980431400E755B4 /* tabbar@2x.png in Resources */ = {isa = PBXBuildFile; fileRef = F47AD7BA1980431400E755B4 /* tabbar@2x.png */; };
		F47AD7C81980754000E755B4 /* MIQMapaViewController.m in Sources */ = {isa = PBXBuildFile; fileRef = F47AD7C71980754000E755B4 /* MIQMapaViewController.m */; };
		F47BDA13196DC53A007364AA /* Diseno-Final.png in Resources */ = {isa = PBXBuildFile; fileRef = F47BDA12196DC53A007364AA /* Diseno-Final.png */; };
		F47BDA16196DD9C9007364AA /* HomeViewController.m in Sources */ = {isa = PBXBuildFile; fileRef = F47BDA15196DD9C9007364AA /* HomeViewController.m */; };
		F47BDA1F196DDC16007364AA /* EventosMainTableViewController.m in Sources */ = {isa = PBXBuildFile; fileRef = F47BDA1E196DDC16007364AA /* EventosMainTableViewController.m */; };
		F47BDA22196DDC67007364AA /* EventosListaTableViewController.m in Sources */ = {isa = PBXBuildFile; fileRef = F47BDA21196DDC67007364AA /* EventosListaTableViewController.m */; };
		F47BDA24196DE17E007364AA /* img_eventos01@2x.png in Resources */ = {isa = PBXBuildFile; fileRef = F47BDA23196DE17E007364AA /* img_eventos01@2x.png */; };
		F47BDA26196DF1C7007364AA /* evento_detalle_cine@2x.png in Resources */ = {isa = PBXBuildFile; fileRef = F47BDA25196DF1C7007364AA /* evento_detalle_cine@2x.png */; };
		F484DF2E197F1C150035614F /* miq_mapa@2x.png in Resources */ = {isa = PBXBuildFile; fileRef = F484DF2D197F1C150035614F /* miq_mapa@2x.png */; };
		F4A183BE19759AF200BC9DAB /* MapKit.framework in Frameworks */ = {isa = PBXBuildFile; fileRef = F4A183BD19759AF200BC9DAB /* MapKit.framework */; };
		F4A183C01975EECF00BC9DAB /* home3.png in Resources */ = {isa = PBXBuildFile; fileRef = F4A183BF1975EECF00BC9DAB /* home3.png */; };
		F4A183C21975EEE500BC9DAB /* home2.png in Resources */ = {isa = PBXBuildFile; fileRef = F4A183C11975EEE500BC9DAB /* home2.png */; };
		F4B50DB619784E8C00389CAB /* logoGTO.png in Resources */ = {isa = PBXBuildFile; fileRef = F4B50DB519784E8C00389CAB /* logoGTO.png */; };
		F4B50DB819784E9F00389CAB /* impulsamosGTO.png in Resources */ = {isa = PBXBuildFile; fileRef = F4B50DB719784E9F00389CAB /* impulsamosGTO.png */; };
		F4B50DBA19784EC600389CAB /* llegar.png in Resources */ = {isa = PBXBuildFile; fileRef = F4B50DB919784EC600389CAB /* llegar.png */; };
		F4B50DBC19784EDE00389CAB /* calendario_home.png in Resources */ = {isa = PBXBuildFile; fileRef = F4B50DBB19784EDE00389CAB /* calendario_home.png */; };
		F4B50DBE19784EE900389CAB /* coloquio_home.png in Resources */ = {isa = PBXBuildFile; fileRef = F4B50DBD19784EE900389CAB /* coloquio_home.png */; };
		F4B50DC019784F1400389CAB /* lunes_home.png in Resources */ = {isa = PBXBuildFile; fileRef = F4B50DBF19784F1400389CAB /* lunes_home.png */; };
		F4B50DCD19784FC800389CAB /* planta_alta@2x.png in Resources */ = {isa = PBXBuildFile; fileRef = F4B50DCB19784FC800389CAB /* planta_alta@2x.png */; };
		F4B50DCE19784FC800389CAB /* planta_baja@2x.png in Resources */ = {isa = PBXBuildFile; fileRef = F4B50DCC19784FC800389CAB /* planta_baja@2x.png */; };
		F4B50DD119784FFF00389CAB /* favorito_active@2x.png in Resources */ = {isa = PBXBuildFile; fileRef = F4B50DCF19784FFF00389CAB /* favorito_active@2x.png */; };
		F4B50DD219784FFF00389CAB /* favorito@2x.png in Resources */ = {isa = PBXBuildFile; fileRef = F4B50DD019784FFF00389CAB /* favorito@2x.png */; };
		F4B50DD71978502500389CAB /* celda_jueves.png in Resources */ = {isa = PBXBuildFile; fileRef = F4B50DD31978502500389CAB /* celda_jueves.png */; };
		F4B50DD81978502500389CAB /* celda_lunes.png in Resources */ = {isa = PBXBuildFile; fileRef = F4B50DD41978502500389CAB /* celda_lunes.png */; };
		F4B50DD91978502500389CAB /* celda_martes.png in Resources */ = {isa = PBXBuildFile; fileRef = F4B50DD51978502500389CAB /* celda_martes.png */; };
		F4B50DDA1978502500389CAB /* celda_miercoles.png in Resources */ = {isa = PBXBuildFile; fileRef = F4B50DD61978502500389CAB /* celda_miercoles.png */; };
		F4B50DDC1978504200389CAB /* btn_luz.png in Resources */ = {isa = PBXBuildFile; fileRef = F4B50DDB1978504200389CAB /* btn_luz.png */; };
		F4BB5220196C5A8A009E0402 /* Foundation.framework in Frameworks */ = {isa = PBXBuildFile; fileRef = F4BB521F196C5A8A009E0402 /* Foundation.framework */; };
		F4BB5222196C5A8A009E0402 /* CoreGraphics.framework in Frameworks */ = {isa = PBXBuildFile; fileRef = F4BB5221196C5A8A009E0402 /* CoreGraphics.framework */; };
		F4BB5224196C5A8A009E0402 /* UIKit.framework in Frameworks */ = {isa = PBXBuildFile; fileRef = F4BB5223196C5A8A009E0402 /* UIKit.framework */; };
		F4BB522A196C5A8A009E0402 /* InfoPlist.strings in Resources */ = {isa = PBXBuildFile; fileRef = F4BB5228196C5A8A009E0402 /* InfoPlist.strings */; };
		F4BB522C196C5A8A009E0402 /* main.m in Sources */ = {isa = PBXBuildFile; fileRef = F4BB522B196C5A8A009E0402 /* main.m */; };
		F4BB5230196C5A8A009E0402 /* AppDelegate.m in Sources */ = {isa = PBXBuildFile; fileRef = F4BB522F196C5A8A009E0402 /* AppDelegate.m */; };
		F4BB5233196C5A8A009E0402 /* Main.storyboard in Resources */ = {isa = PBXBuildFile; fileRef = F4BB5231196C5A8A009E0402 /* Main.storyboard */; };
		F4BB523B196C5A8A009E0402 /* Images.xcassets in Resources */ = {isa = PBXBuildFile; fileRef = F4BB523A196C5A8A009E0402 /* Images.xcassets */; };
		F4BB5242196C5A8A009E0402 /* XCTest.framework in Frameworks */ = {isa = PBXBuildFile; fileRef = F4BB5241196C5A8A009E0402 /* XCTest.framework */; };
		F4BB5243196C5A8A009E0402 /* Foundation.framework in Frameworks */ = {isa = PBXBuildFile; fileRef = F4BB521F196C5A8A009E0402 /* Foundation.framework */; };
		F4BB5244196C5A8A009E0402 /* UIKit.framework in Frameworks */ = {isa = PBXBuildFile; fileRef = F4BB5223196C5A8A009E0402 /* UIKit.framework */; };
		F4BB524C196C5A8A009E0402 /* InfoPlist.strings in Resources */ = {isa = PBXBuildFile; fileRef = F4BB524A196C5A8A009E0402 /* InfoPlist.strings */; };
		F4BB524E196C5A8A009E0402 /* MIQTests.m in Sources */ = {isa = PBXBuildFile; fileRef = F4BB524D196C5A8A009E0402 /* MIQTests.m */; };
		F4C34D1E197446A5000ACF0E /* Evento.m in Sources */ = {isa = PBXBuildFile; fileRef = F4C34D1D197446A5000ACF0E /* Evento.m */; };
		F4ECC94319743BAC003CC99B /* img_acercaDe1.jpg in Resources */ = {isa = PBXBuildFile; fileRef = F4ECC94219743BAC003CC99B /* img_acercaDe1.jpg */; };
		F4F44E29197D8C3800AE13DA /* MapViewController.m in Sources */ = {isa = PBXBuildFile; fileRef = F4F44E28197D8C3800AE13DA /* MapViewController.m */; };
/* End PBXBuildFile section */

/* Begin PBXContainerItemProxy section */
		F4BB5245196C5A8A009E0402 /* PBXContainerItemProxy */ = {
			isa = PBXContainerItemProxy;
			containerPortal = F4BB5214196C5A8A009E0402 /* Project object */;
			proxyType = 1;
			remoteGlobalIDString = F4BB521B196C5A8A009E0402;
			remoteInfo = MIQ;
		};
/* End PBXContainerItemProxy section */

/* Begin PBXFileReference section */
		F4598946196EF09F00442E77 /* cuadro_scan@2x.png */ = {isa = PBXFileReference; lastKnownFileType = image.png; path = "cuadro_scan@2x.png"; sourceTree = "<group>"; };
		F45A73D6196F1B60003A6F6A /* simbolo_arte@2x.png */ = {isa = PBXFileReference; lastKnownFileType = image.png; path = "simbolo_arte@2x.png"; sourceTree = "<group>"; };
		F45A73D8196F1D9F003A6F6A /* simbolo_cine@2x.png */ = {isa = PBXFileReference; lastKnownFileType = image.png; path = "simbolo_cine@2x.png"; sourceTree = "<group>"; };
		F45A73D9196F1D9F003A6F6A /* simbolo_lectura@2x.png */ = {isa = PBXFileReference; lastKnownFileType = image.png; path = "simbolo_lectura@2x.png"; sourceTree = "<group>"; };
		F45A73DA196F1D9F003A6F6A /* simbolo_letras@2x.png */ = {isa = PBXFileReference; lastKnownFileType = image.png; path = "simbolo_letras@2x.png"; sourceTree = "<group>"; };
		F45A73E1196F2484003A6F6A /* img_favoritos@2x.png */ = {isa = PBXFileReference; lastKnownFileType = image.png; path = "img_favoritos@2x.png"; sourceTree = "<group>"; };
		F45A73E4196F24A8003A6F6A /* corazon_favoritos@2x.png */ = {isa = PBXFileReference; lastKnownFileType = image.png; path = "corazon_favoritos@2x.png"; sourceTree = "<group>"; };
		F45AF762196D9C7100A36788 /* bar_foto.png */ = {isa = PBXFileReference; lastKnownFileType = image.png; path = bar_foto.png; sourceTree = "<group>"; };
		F45AF768196D9C7100A36788 /* home1.png */ = {isa = PBXFileReference; lastKnownFileType = image.png; name = home1.png; path = fotos/home1.png; sourceTree = "<group>"; };
		F45E1C85197D90F4006FE945 /* MapAnnotation.h */ = {isa = PBXFileReference; fileEncoding = 4; lastKnownFileType = sourcecode.c.h; path = MapAnnotation.h; sourceTree = "<group>"; };
		F45E1C86197D90F4006FE945 /* MapAnnotation.m */ = {isa = PBXFileReference; fileEncoding = 4; lastKnownFileType = sourcecode.c.objc; path = MapAnnotation.m; sourceTree = "<group>"; };
		F45E1C88197DC346006FE945 /* MapAnnotationView.h */ = {isa = PBXFileReference; fileEncoding = 4; lastKnownFileType = sourcecode.c.h; path = MapAnnotationView.h; sourceTree = "<group>"; };
		F45E1C89197DC346006FE945 /* MapAnnotationView.m */ = {isa = PBXFileReference; fileEncoding = 4; lastKnownFileType = sourcecode.c.objc; path = MapAnnotationView.m; sourceTree = "<group>"; };
		F45E1C8B197ECE09006FE945 /* pin_mapa@2x.png */ = {isa = PBXFileReference; lastKnownFileType = image.png; path = "pin_mapa@2x.png"; sourceTree = "<group>"; };
		F45E1C8F197EE1B7006FE945 /* flecha_mapa@2x.png */ = {isa = PBXFileReference; lastKnownFileType = image.png; path = "flecha_mapa@2x.png"; sourceTree = "<group>"; };
		F45E1C97197F1570006FE945 /* Driving@2x.png */ = {isa = PBXFileReference; lastKnownFileType = image.png; path = "Driving@2x.png"; sourceTree = "<group>"; };
		F47AD7A8197F1E6800E755B4 /* color@2x.png */ = {isa = PBXFileReference; lastKnownFileType = image.png; path = "color@2x.png"; sourceTree = "<group>"; };
		F47AD7AA198033DA00E755B4 /* MainTabBarController.h */ = {isa = PBXFileReference; fileEncoding = 4; lastKnownFileType = sourcecode.c.h; path = MainTabBarController.h; sourceTree = "<group>"; };
		F47AD7AB198033DA00E755B4 /* MainTabBarController.m */ = {isa = PBXFileReference; fileEncoding = 4; lastKnownFileType = sourcecode.c.objc; path = MainTabBarController.m; sourceTree = "<group>"; };
		F47AD7B01980431400E755B4 /* eventos@2x.png */ = {isa = PBXFileReference; lastKnownFileType = image.png; path = "eventos@2x.png"; sourceTree = "<group>"; };
		F47AD7B11980431400E755B4 /* eventos_active@2x.png */ = {isa = PBXFileReference; lastKnownFileType = image.png; path = "eventos_active@2x.png"; sourceTree = "<group>"; };
		F47AD7B21980431400E755B4 /* home@2x.png */ = {isa = PBXFileReference; lastKnownFileType = image.png; path = "home@2x.png"; sourceTree = "<group>"; };
		F47AD7B31980431400E755B4 /* home_active@2x.png */ = {isa = PBXFileReference; lastKnownFileType = image.png; path = "home_active@2x.png"; sourceTree = "<group>"; };
		F47AD7B41980431400E755B4 /* mapa@2x.png */ = {isa = PBXFileReference; lastKnownFileType = image.png; path = "mapa@2x.png"; sourceTree = "<group>"; };
		F47AD7B51980431400E755B4 /* mapa_active@2x.png */ = {isa = PBXFileReference; lastKnownFileType = image.png; path = "mapa_active@2x.png"; sourceTree = "<group>"; };
		F47AD7B61980431400E755B4 /* menu@2x.png */ = {isa = PBXFileReference; lastKnownFileType = image.png; path = "menu@2x.png"; sourceTree = "<group>"; };
		F47AD7B71980431400E755B4 /* menu_active@2x.png */ = {isa = PBXFileReference; lastKnownFileType = image.png; path = "menu_active@2x.png"; sourceTree = "<group>"; };
		F47AD7B81980431400E755B4 /* scan@2x.png */ = {isa = PBXFileReference; lastKnownFileType = image.png; path = "scan@2x.png"; sourceTree = "<group>"; };
		F47AD7B91980431400E755B4 /* scan_active@2x.png */ = {isa = PBXFileReference; lastKnownFileType = image.png; path = "scan_active@2x.png"; sourceTree = "<group>"; };
		F47AD7BA1980431400E755B4 /* tabbar@2x.png */ = {isa = PBXFileReference; lastKnownFileType = image.png; path = "tabbar@2x.png"; sourceTree = "<group>"; };
		F47AD7C61980754000E755B4 /* MIQMapaViewController.h */ = {isa = PBXFileReference; fileEncoding = 4; lastKnownFileType = sourcecode.c.h; path = MIQMapaViewController.h; sourceTree = "<group>"; };
		F47AD7C71980754000E755B4 /* MIQMapaViewController.m */ = {isa = PBXFileReference; fileEncoding = 4; lastKnownFileType = sourcecode.c.objc; path = MIQMapaViewController.m; sourceTree = "<group>"; };
		F47BDA12196DC53A007364AA /* Diseno-Final.png */ = {isa = PBXFileReference; lastKnownFileType = image.png; path = "Diseno-Final.png"; sourceTree = "<group>"; };
		F47BDA14196DD9C9007364AA /* HomeViewController.h */ = {isa = PBXFileReference; fileEncoding = 4; lastKnownFileType = sourcecode.c.h; path = HomeViewController.h; sourceTree = "<group>"; };
		F47BDA15196DD9C9007364AA /* HomeViewController.m */ = {isa = PBXFileReference; fileEncoding = 4; lastKnownFileType = sourcecode.c.objc; path = HomeViewController.m; sourceTree = "<group>"; };
		F47BDA1D196DDC16007364AA /* EventosMainTableViewController.h */ = {isa = PBXFileReference; fileEncoding = 4; lastKnownFileType = sourcecode.c.h; path = EventosMainTableViewController.h; sourceTree = "<group>"; };
		F47BDA1E196DDC16007364AA /* EventosMainTableViewController.m */ = {isa = PBXFileReference; fileEncoding = 4; lastKnownFileType = sourcecode.c.objc; path = EventosMainTableViewController.m; sourceTree = "<group>"; };
		F47BDA20196DDC67007364AA /* EventosListaTableViewController.h */ = {isa = PBXFileReference; fileEncoding = 4; lastKnownFileType = sourcecode.c.h; path = EventosListaTableViewController.h; sourceTree = "<group>"; };
		F47BDA21196DDC67007364AA /* EventosListaTableViewController.m */ = {isa = PBXFileReference; fileEncoding = 4; lastKnownFileType = sourcecode.c.objc; path = EventosListaTableViewController.m; sourceTree = "<group>"; };
		F47BDA23196DE17E007364AA /* img_eventos01@2x.png */ = {isa = PBXFileReference; lastKnownFileType = image.png; path = "img_eventos01@2x.png"; sourceTree = "<group>"; };
		F47BDA25196DF1C7007364AA /* evento_detalle_cine@2x.png */ = {isa = PBXFileReference; lastKnownFileType = image.png; path = "evento_detalle_cine@2x.png"; sourceTree = "<group>"; };
		F484DF2D197F1C150035614F /* miq_mapa@2x.png */ = {isa = PBXFileReference; lastKnownFileType = image.png; path = "miq_mapa@2x.png"; sourceTree = "<group>"; };
		F4A183BD19759AF200BC9DAB /* MapKit.framework */ = {isa = PBXFileReference; lastKnownFileType = wrapper.framework; name = MapKit.framework; path = System/Library/Frameworks/MapKit.framework; sourceTree = SDKROOT; };
		F4A183BF1975EECF00BC9DAB /* home3.png */ = {isa = PBXFileReference; lastKnownFileType = image.png; path = home3.png; sourceTree = "<group>"; };
		F4A183C11975EEE500BC9DAB /* home2.png */ = {isa = PBXFileReference; lastKnownFileType = image.png; path = home2.png; sourceTree = "<group>"; };
		F4B50DB519784E8C00389CAB /* logoGTO.png */ = {isa = PBXFileReference; lastKnownFileType = image.png; path = logoGTO.png; sourceTree = "<group>"; };
		F4B50DB719784E9F00389CAB /* impulsamosGTO.png */ = {isa = PBXFileReference; lastKnownFileType = image.png; path = impulsamosGTO.png; sourceTree = "<group>"; };
		F4B50DB919784EC600389CAB /* llegar.png */ = {isa = PBXFileReference; lastKnownFileType = image.png; name = llegar.png; path = slider_eventos/llegar.png; sourceTree = "<group>"; };
		F4B50DBB19784EDE00389CAB /* calendario_home.png */ = {isa = PBXFileReference; lastKnownFileType = image.png; path = calendario_home.png; sourceTree = "<group>"; };
		F4B50DBD19784EE900389CAB /* coloquio_home.png */ = {isa = PBXFileReference; lastKnownFileType = image.png; path = coloquio_home.png; sourceTree = "<group>"; };
		F4B50DBF19784F1400389CAB /* lunes_home.png */ = {isa = PBXFileReference; lastKnownFileType = image.png; path = lunes_home.png; sourceTree = "<group>"; };
		F4B50DCB19784FC800389CAB /* planta_alta@2x.png */ = {isa = PBXFileReference; lastKnownFileType = image.png; path = "planta_alta@2x.png"; sourceTree = "<group>"; };
		F4B50DCC19784FC800389CAB /* planta_baja@2x.png */ = {isa = PBXFileReference; lastKnownFileType = image.png; path = "planta_baja@2x.png"; sourceTree = "<group>"; };
		F4B50DCF19784FFF00389CAB /* favorito_active@2x.png */ = {isa = PBXFileReference; lastKnownFileType = image.png; path = "favorito_active@2x.png"; sourceTree = "<group>"; };
		F4B50DD019784FFF00389CAB /* favorito@2x.png */ = {isa = PBXFileReference; lastKnownFileType = image.png; path = "favorito@2x.png"; sourceTree = "<group>"; };
		F4B50DD31978502500389CAB /* celda_jueves.png */ = {isa = PBXFileReference; lastKnownFileType = image.png; path = celda_jueves.png; sourceTree = "<group>"; };
		F4B50DD41978502500389CAB /* celda_lunes.png */ = {isa = PBXFileReference; lastKnownFileType = image.png; path = celda_lunes.png; sourceTree = "<group>"; };
		F4B50DD51978502500389CAB /* celda_martes.png */ = {isa = PBXFileReference; lastKnownFileType = image.png; path = celda_martes.png; sourceTree = "<group>"; };
		F4B50DD61978502500389CAB /* celda_miercoles.png */ = {isa = PBXFileReference; lastKnownFileType = image.png; path = celda_miercoles.png; sourceTree = "<group>"; };
		F4B50DDB1978504200389CAB /* btn_luz.png */ = {isa = PBXFileReference; lastKnownFileType = image.png; path = btn_luz.png; sourceTree = "<group>"; };
		F4BB521C196C5A8A009E0402 /* MIQ.app */ = {isa = PBXFileReference; explicitFileType = wrapper.application; includeInIndex = 0; path = MIQ.app; sourceTree = BUILT_PRODUCTS_DIR; };
		F4BB521F196C5A8A009E0402 /* Foundation.framework */ = {isa = PBXFileReference; lastKnownFileType = wrapper.framework; name = Foundation.framework; path = System/Library/Frameworks/Foundation.framework; sourceTree = SDKROOT; };
		F4BB5221196C5A8A009E0402 /* CoreGraphics.framework */ = {isa = PBXFileReference; lastKnownFileType = wrapper.framework; name = CoreGraphics.framework; path = System/Library/Frameworks/CoreGraphics.framework; sourceTree = SDKROOT; };
		F4BB5223196C5A8A009E0402 /* UIKit.framework */ = {isa = PBXFileReference; lastKnownFileType = wrapper.framework; name = UIKit.framework; path = System/Library/Frameworks/UIKit.framework; sourceTree = SDKROOT; };
		F4BB5227196C5A8A009E0402 /* MIQ-Info.plist */ = {isa = PBXFileReference; lastKnownFileType = text.plist.xml; path = "MIQ-Info.plist"; sourceTree = "<group>"; };
		F4BB5229196C5A8A009E0402 /* en */ = {isa = PBXFileReference; lastKnownFileType = text.plist.strings; name = en; path = en.lproj/InfoPlist.strings; sourceTree = "<group>"; };
		F4BB522B196C5A8A009E0402 /* main.m */ = {isa = PBXFileReference; lastKnownFileType = sourcecode.c.objc; path = main.m; sourceTree = "<group>"; };
		F4BB522D196C5A8A009E0402 /* MIQ-Prefix.pch */ = {isa = PBXFileReference; lastKnownFileType = sourcecode.c.h; path = "MIQ-Prefix.pch"; sourceTree = "<group>"; };
		F4BB522E196C5A8A009E0402 /* AppDelegate.h */ = {isa = PBXFileReference; lastKnownFileType = sourcecode.c.h; path = AppDelegate.h; sourceTree = "<group>"; };
		F4BB522F196C5A8A009E0402 /* AppDelegate.m */ = {isa = PBXFileReference; lastKnownFileType = sourcecode.c.objc; path = AppDelegate.m; sourceTree = "<group>"; };
		F4BB5232196C5A8A009E0402 /* Base */ = {isa = PBXFileReference; lastKnownFileType = file.storyboard; name = Base; path = Base.lproj/Main.storyboard; sourceTree = "<group>"; };
		F4BB523A196C5A8A009E0402 /* Images.xcassets */ = {isa = PBXFileReference; lastKnownFileType = folder.assetcatalog; path = Images.xcassets; sourceTree = "<group>"; };
		F4BB5240196C5A8A009E0402 /* MIQTests.xctest */ = {isa = PBXFileReference; explicitFileType = wrapper.cfbundle; includeInIndex = 0; path = MIQTests.xctest; sourceTree = BUILT_PRODUCTS_DIR; };
		F4BB5241196C5A8A009E0402 /* XCTest.framework */ = {isa = PBXFileReference; lastKnownFileType = wrapper.framework; name = XCTest.framework; path = Library/Frameworks/XCTest.framework; sourceTree = DEVELOPER_DIR; };
		F4BB5249196C5A8A009E0402 /* MIQTests-Info.plist */ = {isa = PBXFileReference; lastKnownFileType = text.plist.xml; path = "MIQTests-Info.plist"; sourceTree = "<group>"; };
		F4BB524B196C5A8A009E0402 /* en */ = {isa = PBXFileReference; lastKnownFileType = text.plist.strings; name = en; path = en.lproj/InfoPlist.strings; sourceTree = "<group>"; };
		F4BB524D196C5A8A009E0402 /* MIQTests.m */ = {isa = PBXFileReference; lastKnownFileType = sourcecode.c.objc; path = MIQTests.m; sourceTree = "<group>"; };
		F4C34D1C197446A5000ACF0E /* Evento.h */ = {isa = PBXFileReference; fileEncoding = 4; lastKnownFileType = sourcecode.c.h; path = Evento.h; sourceTree = "<group>"; };
		F4C34D1D197446A5000ACF0E /* Evento.m */ = {isa = PBXFileReference; fileEncoding = 4; lastKnownFileType = sourcecode.c.objc; path = Evento.m; sourceTree = "<group>"; };
		F4ECC94219743BAC003CC99B /* img_acercaDe1.jpg */ = {isa = PBXFileReference; lastKnownFileType = image.jpeg; path = img_acercaDe1.jpg; sourceTree = "<group>"; };
		F4F44E27197D8C3800AE13DA /* MapViewController.h */ = {isa = PBXFileReference; fileEncoding = 4; lastKnownFileType = sourcecode.c.h; path = MapViewController.h; sourceTree = "<group>"; };
		F4F44E28197D8C3800AE13DA /* MapViewController.m */ = {isa = PBXFileReference; fileEncoding = 4; lastKnownFileType = sourcecode.c.objc; path = MapViewController.m; sourceTree = "<group>"; };
/* End PBXFileReference section */

/* Begin PBXFrameworksBuildPhase section */
		F4BB5219196C5A8A009E0402 /* Frameworks */ = {
			isa = PBXFrameworksBuildPhase;
			buildActionMask = 2147483647;
			files = (
				F4A183BE19759AF200BC9DAB /* MapKit.framework in Frameworks */,
				F4BB5222196C5A8A009E0402 /* CoreGraphics.framework in Frameworks */,
				F4BB5224196C5A8A009E0402 /* UIKit.framework in Frameworks */,
				F4BB5220196C5A8A009E0402 /* Foundation.framework in Frameworks */,
			);
			runOnlyForDeploymentPostprocessing = 0;
		};
		F4BB523D196C5A8A009E0402 /* Frameworks */ = {
			isa = PBXFrameworksBuildPhase;
			buildActionMask = 2147483647;
			files = (
				F4BB5242196C5A8A009E0402 /* XCTest.framework in Frameworks */,
				F4BB5244196C5A8A009E0402 /* UIKit.framework in Frameworks */,
				F4BB5243196C5A8A009E0402 /* Foundation.framework in Frameworks */,
			);
			runOnlyForDeploymentPostprocessing = 0;
		};
/* End PBXFrameworksBuildPhase section */

/* Begin PBXGroup section */
		F4598942196EEF1900442E77 /* HOME */ = {
			isa = PBXGroup;
			children = (
				F4A183C11975EEE500BC9DAB /* home2.png */,
				F4A183BF1975EECF00BC9DAB /* home3.png */,
				F45AF768196D9C7100A36788 /* home1.png */,
				F45AF76D196D9C7100A36788 /* slider_eventos */,
				F45AF762196D9C7100A36788 /* bar_foto.png */,
				F4B50DB919784EC600389CAB /* llegar.png */,
				F4B50DBD19784EE900389CAB /* coloquio_home.png */,
				F4B50DBB19784EDE00389CAB /* calendario_home.png */,
				F47BDA12196DC53A007364AA /* Diseno-Final.png */,
			);
			name = HOME;
			sourceTree = "<group>";
		};
		F4598943196EEF3100442E77 /* EVENTOS */ = {
			isa = PBXGroup;
			children = (
				F4B50DCF19784FFF00389CAB /* favorito_active@2x.png */,
				F4B50DD019784FFF00389CAB /* favorito@2x.png */,
				F4B50DD31978502500389CAB /* celda_jueves.png */,
				F4B50DD41978502500389CAB /* celda_lunes.png */,
				F4B50DD51978502500389CAB /* celda_martes.png */,
				F4B50DD61978502500389CAB /* celda_miercoles.png */,
			);
			name = EVENTOS;
			sourceTree = "<group>";
		};
		F4598944196EEF8000442E77 /* SCAN */ = {
			isa = PBXGroup;
			children = (
				F4B50DDB1978504200389CAB /* btn_luz.png */,
				F4598946196EF09F00442E77 /* cuadro_scan@2x.png */,
			);
			name = SCAN;
			sourceTree = "<group>";
		};
		F4598945196EEFA100442E77 /* GENERAL */ = {
			isa = PBXGroup;
			children = (
				F45AF767196D9C7100A36788 /* fotos */,
				F4B50DB519784E8C00389CAB /* logoGTO.png */,
				F4B50DB719784E9F00389CAB /* impulsamosGTO.png */,
			);
			name = GENERAL;
			sourceTree = "<group>";
		};
		F45A73DE196F1DA8003A6F6A /* CALENDARIO */ = {
			isa = PBXGroup;
			children = (
				F45A73D8196F1D9F003A6F6A /* simbolo_cine@2x.png */,
				F45A73D9196F1D9F003A6F6A /* simbolo_lectura@2x.png */,
				F45A73DA196F1D9F003A6F6A /* simbolo_letras@2x.png */,
				F45A73D6196F1B60003A6F6A /* simbolo_arte@2x.png */,
			);
			name = CALENDARIO;
			sourceTree = "<group>";
		};
		F45A73E3196F248D003A6F6A /* FAVORITOS */ = {
			isa = PBXGroup;
			children = (
				F45A73E4196F24A8003A6F6A /* corazon_favoritos@2x.png */,
				F45A73E1196F2484003A6F6A /* img_favoritos@2x.png */,
			);
			name = FAVORITOS;
			sourceTree = "<group>";
		};
		F45AF767196D9C7100A36788 /* fotos */ = {
			isa = PBXGroup;
			children = (
				F47AD7AF1980431400E755B4 /* tabbar */,
				F47BDA25196DF1C7007364AA /* evento_detalle_cine@2x.png */,
				F47BDA23196DE17E007364AA /* img_eventos01@2x.png */,
			);
			path = fotos;
			sourceTree = "<group>";
		};
		F45AF76D196D9C7100A36788 /* slider_eventos */ = {
			isa = PBXGroup;
			children = (
				F4B50DBF19784F1400389CAB /* lunes_home.png */,
			);
			path = slider_eventos;
			sourceTree = "<group>";
		};
		F47AD7AF1980431400E755B4 /* tabbar */ = {
			isa = PBXGroup;
			children = (
				F47AD7B01980431400E755B4 /* eventos@2x.png */,
				F47AD7B11980431400E755B4 /* eventos_active@2x.png */,
				F47AD7B21980431400E755B4 /* home@2x.png */,
				F47AD7B31980431400E755B4 /* home_active@2x.png */,
				F47AD7B41980431400E755B4 /* mapa@2x.png */,
				F47AD7B51980431400E755B4 /* mapa_active@2x.png */,
				F47AD7B61980431400E755B4 /* menu@2x.png */,
				F47AD7B71980431400E755B4 /* menu_active@2x.png */,
				F47AD7B81980431400E755B4 /* scan@2x.png */,
				F47AD7B91980431400E755B4 /* scan_active@2x.png */,
				F47AD7BA1980431400E755B4 /* tabbar@2x.png */,
			);
			path = tabbar;
			sourceTree = "<group>";
		};
		F4BB5213196C5A8A009E0402 = {
			isa = PBXGroup;
			children = (
				F4BB5225196C5A8A009E0402 /* MIQ */,
				F4BB5247196C5A8A009E0402 /* MIQTests */,
				F4BB521E196C5A8A009E0402 /* Frameworks */,
				F4BB521D196C5A8A009E0402 /* Products */,
			);
			sourceTree = "<group>";
		};
		F4BB521D196C5A8A009E0402 /* Products */ = {
			isa = PBXGroup;
			children = (
				F4BB521C196C5A8A009E0402 /* MIQ.app */,
				F4BB5240196C5A8A009E0402 /* MIQTests.xctest */,
			);
			name = Products;
			sourceTree = "<group>";
		};
		F4BB521E196C5A8A009E0402 /* Frameworks */ = {
			isa = PBXGroup;
			children = (
				F4A183BD19759AF200BC9DAB /* MapKit.framework */,
				F4BB521F196C5A8A009E0402 /* Foundation.framework */,
				F4BB5221196C5A8A009E0402 /* CoreGraphics.framework */,
				F4BB5223196C5A8A009E0402 /* UIKit.framework */,
				F4BB5241196C5A8A009E0402 /* XCTest.framework */,
			);
			name = Frameworks;
			sourceTree = "<group>";
		};
		F4BB5225196C5A8A009E0402 /* MIQ */ = {
			isa = PBXGroup;
			children = (
				F4C34D1F19745050000ACF0E /* Classes */,
				F4BB522E196C5A8A009E0402 /* AppDelegate.h */,
				F4BB522F196C5A8A009E0402 /* AppDelegate.m */,
				F47BDA1D196DDC16007364AA /* EventosMainTableViewController.h */,
				F47BDA1E196DDC16007364AA /* EventosMainTableViewController.m */,
				F4BB5231196C5A8A009E0402 /* Main.storyboard */,
				F47AD7C61980754000E755B4 /* MIQMapaViewController.h */,
				F47AD7C71980754000E755B4 /* MIQMapaViewController.m */,
				F47AD7AA198033DA00E755B4 /* MainTabBarController.h */,
				F47AD7AB198033DA00E755B4 /* MainTabBarController.m */,
				F47BDA14196DD9C9007364AA /* HomeViewController.h */,
				F47BDA15196DD9C9007364AA /* HomeViewController.m */,
				F47BDA20196DDC67007364AA /* EventosListaTableViewController.h */,
				F47BDA21196DDC67007364AA /* EventosListaTableViewController.m */,
				F4F44E27197D8C3800AE13DA /* MapViewController.h */,
				F4F44E28197D8C3800AE13DA /* MapViewController.m */,
				F45E1C85197D90F4006FE945 /* MapAnnotation.h */,
				F45E1C86197D90F4006FE945 /* MapAnnotation.m */,
				F45E1C88197DC346006FE945 /* MapAnnotationView.h */,
				F45E1C89197DC346006FE945 /* MapAnnotationView.m */,
				F4BB523A196C5A8A009E0402 /* Images.xcassets */,
				F4BB5226196C5A8A009E0402 /* Supporting Files */,
			);
			path = MIQ;
			sourceTree = "<group>";
		};
		F4BB5226196C5A8A009E0402 /* Supporting Files */ = {
			isa = PBXGroup;
			children = (
				F4C34D1719743BE9000ACF0E /* ACERCA DE */,
				F45A73E3196F248D003A6F6A /* FAVORITOS */,
				F45A73DE196F1DA8003A6F6A /* CALENDARIO */,
				F4598945196EEFA100442E77 /* GENERAL */,
				F4598944196EEF8000442E77 /* SCAN */,
				F4598943196EEF3100442E77 /* EVENTOS */,
				F4598942196EEF1900442E77 /* HOME */,
				F4BB5227196C5A8A009E0402 /* MIQ-Info.plist */,
				F4BB5228196C5A8A009E0402 /* InfoPlist.strings */,
				F4BB522B196C5A8A009E0402 /* main.m */,
				F4BB522D196C5A8A009E0402 /* MIQ-Prefix.pch */,
			);
			name = "Supporting Files";
			sourceTree = "<group>";
		};
		F4BB5247196C5A8A009E0402 /* MIQTests */ = {
			isa = PBXGroup;
			children = (
				F4BB524D196C5A8A009E0402 /* MIQTests.m */,
				F4BB5248196C5A8A009E0402 /* Supporting Files */,
			);
			path = MIQTests;
			sourceTree = "<group>";
		};
		F4BB5248196C5A8A009E0402 /* Supporting Files */ = {
			isa = PBXGroup;
			children = (
				F4BB5249196C5A8A009E0402 /* MIQTests-Info.plist */,
				F4BB524A196C5A8A009E0402 /* InfoPlist.strings */,
			);
			name = "Supporting Files";
			sourceTree = "<group>";
		};
		F4C34D1719743BE9000ACF0E /* ACERCA DE */ = {
			isa = PBXGroup;
			children = (
				F47AD7A8197F1E6800E755B4 /* color@2x.png */,
				F484DF2D197F1C150035614F /* miq_mapa@2x.png */,
				F45E1C97197F1570006FE945 /* Driving@2x.png */,
				F45E1C8F197EE1B7006FE945 /* flecha_mapa@2x.png */,
				F45E1C8B197ECE09006FE945 /* pin_mapa@2x.png */,
				F4B50DCB19784FC800389CAB /* planta_alta@2x.png */,
				F4B50DCC19784FC800389CAB /* planta_baja@2x.png */,
				F4ECC94219743BAC003CC99B /* img_acercaDe1.jpg */,
			);
			name = "ACERCA DE";
			sourceTree = "<group>";
		};
		F4C34D1F19745050000ACF0E /* Classes */ = {
			isa = PBXGroup;
			children = (
				F4C34D1C197446A5000ACF0E /* Evento.h */,
				F4C34D1D197446A5000ACF0E /* Evento.m */,
			);
			name = Classes;
			sourceTree = "<group>";
		};
/* End PBXGroup section */

/* Begin PBXNativeTarget section */
		F4BB521B196C5A8A009E0402 /* MIQ */ = {
			isa = PBXNativeTarget;
			buildConfigurationList = F4BB5251196C5A8A009E0402 /* Build configuration list for PBXNativeTarget "MIQ" */;
			buildPhases = (
				F4BB5218196C5A8A009E0402 /* Sources */,
				F4BB5219196C5A8A009E0402 /* Frameworks */,
				F4BB521A196C5A8A009E0402 /* Resources */,
			);
			buildRules = (
			);
			dependencies = (
			);
			name = MIQ;
			productName = MIQ;
			productReference = F4BB521C196C5A8A009E0402 /* MIQ.app */;
			productType = "com.apple.product-type.application";
		};
		F4BB523F196C5A8A009E0402 /* MIQTests */ = {
			isa = PBXNativeTarget;
			buildConfigurationList = F4BB5254196C5A8A009E0402 /* Build configuration list for PBXNativeTarget "MIQTests" */;
			buildPhases = (
				F4BB523C196C5A8A009E0402 /* Sources */,
				F4BB523D196C5A8A009E0402 /* Frameworks */,
				F4BB523E196C5A8A009E0402 /* Resources */,
			);
			buildRules = (
			);
			dependencies = (
				F4BB5246196C5A8A009E0402 /* PBXTargetDependency */,
			);
			name = MIQTests;
			productName = MIQTests;
			productReference = F4BB5240196C5A8A009E0402 /* MIQTests.xctest */;
			productType = "com.apple.product-type.bundle.unit-test";
		};
/* End PBXNativeTarget section */

/* Begin PBXProject section */
		F4BB5214196C5A8A009E0402 /* Project object */ = {
			isa = PBXProject;
			attributes = {
				LastUpgradeCheck = 0510;
				ORGANIZATIONNAME = GlobalPark;
				TargetAttributes = {
					F4BB521B196C5A8A009E0402 = {
						DevelopmentTeam = FDHS44E7H4;
					};
					F4BB523F196C5A8A009E0402 = {
						TestTargetID = F4BB521B196C5A8A009E0402;
					};
				};
			};
			buildConfigurationList = F4BB5217196C5A8A009E0402 /* Build configuration list for PBXProject "MIQ" */;
			compatibilityVersion = "Xcode 3.2";
			developmentRegion = English;
			hasScannedForEncodings = 0;
			knownRegions = (
				en,
				Base,
			);
			mainGroup = F4BB5213196C5A8A009E0402;
			productRefGroup = F4BB521D196C5A8A009E0402 /* Products */;
			projectDirPath = "";
			projectRoot = "";
			targets = (
				F4BB521B196C5A8A009E0402 /* MIQ */,
				F4BB523F196C5A8A009E0402 /* MIQTests */,
			);
		};
/* End PBXProject section */

/* Begin PBXResourcesBuildPhase section */
		F4BB521A196C5A8A009E0402 /* Resources */ = {
			isa = PBXResourcesBuildPhase;
			buildActionMask = 2147483647;
			files = (
				F4B50DD119784FFF00389CAB /* favorito_active@2x.png in Resources */,
				F47AD7C01980431400E755B4 /* mapa_active@2x.png in Resources */,
				F47AD7BC1980431400E755B4 /* eventos_active@2x.png in Resources */,
				F45E1C90197EE1B7006FE945 /* flecha_mapa@2x.png in Resources */,
				F4B50DBC19784EDE00389CAB /* calendario_home.png in Resources */,
				F47AD7BD1980431400E755B4 /* home@2x.png in Resources */,
				F45AF781196D9C7100A36788 /* home1.png in Resources */,
				F45E1C98197F1570006FE945 /* Driving@2x.png in Resources */,
				F484DF2E197F1C150035614F /* miq_mapa@2x.png in Resources */,
				F47AD7BF1980431400E755B4 /* mapa@2x.png in Resources */,
				F47AD7BB1980431400E755B4 /* eventos@2x.png in Resources */,
				F45A73E2196F2484003A6F6A /* img_favoritos@2x.png in Resources */,
				F4B50DD71978502500389CAB /* celda_jueves.png in Resources */,
				F45A73DB196F1D9F003A6F6A /* simbolo_cine@2x.png in Resources */,
				F45E1C8C197ECE09006FE945 /* pin_mapa@2x.png in Resources */,
				F47AD7C41980431400E755B4 /* scan_active@2x.png in Resources */,
				F47AD7BE1980431400E755B4 /* home_active@2x.png in Resources */,
				F4B50DD219784FFF00389CAB /* favorito@2x.png in Resources */,
				F45A73D7196F1B60003A6F6A /* simbolo_arte@2x.png in Resources */,
				F47BDA13196DC53A007364AA /* Diseno-Final.png in Resources */,
				F4B50DB619784E8C00389CAB /* logoGTO.png in Resources */,
				F4B50DB819784E9F00389CAB /* impulsamosGTO.png in Resources */,
				F4B50DBA19784EC600389CAB /* llegar.png in Resources */,
				F47AD7C11980431400E755B4 /* menu@2x.png in Resources */,
				F4B50DD91978502500389CAB /* celda_martes.png in Resources */,
				F4A183C01975EECF00BC9DAB /* home3.png in Resources */,
				F4598947196EF09F00442E77 /* cuadro_scan@2x.png in Resources */,
				F4B50DDA1978502500389CAB /* celda_miercoles.png in Resources */,
				F47AD7C31980431400E755B4 /* scan@2x.png in Resources */,
				F47BDA24196DE17E007364AA /* img_eventos01@2x.png in Resources */,
				F4B50DC019784F1400389CAB /* lunes_home.png in Resources */,
				F45A73DD196F1D9F003A6F6A /* simbolo_letras@2x.png in Resources */,
				F4BB523B196C5A8A009E0402 /* Images.xcassets in Resources */,
				F4A183C21975EEE500BC9DAB /* home2.png in Resources */,
				F47AD7A9197F1E6800E755B4 /* color@2x.png in Resources */,
				F4B50DCE19784FC800389CAB /* planta_baja@2x.png in Resources */,
				F4B50DD81978502500389CAB /* celda_lunes.png in Resources */,
				F4ECC94319743BAC003CC99B /* img_acercaDe1.jpg in Resources */,
				F4BB522A196C5A8A009E0402 /* InfoPlist.strings in Resources */,
				F4BB5233196C5A8A009E0402 /* Main.storyboard in Resources */,
				F45A73DC196F1D9F003A6F6A /* simbolo_lectura@2x.png in Resources */,
				F47AD7C21980431400E755B4 /* menu_active@2x.png in Resources */,
				F4B50DDC1978504200389CAB /* btn_luz.png in Resources */,
				F4B50DBE19784EE900389CAB /* coloquio_home.png in Resources */,
				F45AF77C196D9C7100A36788 /* bar_foto.png in Resources */,
				F4B50DCD19784FC800389CAB /* planta_alta@2x.png in Resources */,
				F47BDA26196DF1C7007364AA /* evento_detalle_cine@2x.png in Resources */,
				F47AD7C51980431400E755B4 /* tabbar@2x.png in Resources */,
				F45A73E5196F24A8003A6F6A /* corazon_favoritos@2x.png in Resources */,
			);
			runOnlyForDeploymentPostprocessing = 0;
		};
		F4BB523E196C5A8A009E0402 /* Resources */ = {
			isa = PBXResourcesBuildPhase;
			buildActionMask = 2147483647;
			files = (
				F4BB524C196C5A8A009E0402 /* InfoPlist.strings in Resources */,
			);
			runOnlyForDeploymentPostprocessing = 0;
		};
/* End PBXResourcesBuildPhase section */

/* Begin PBXSourcesBuildPhase section */
		F4BB5218196C5A8A009E0402 /* Sources */ = {
			isa = PBXSourcesBuildPhase;
			buildActionMask = 2147483647;
			files = (
				F47BDA22196DDC67007364AA /* EventosListaTableViewController.m in Sources */,
				F4BB5230196C5A8A009E0402 /* AppDelegate.m in Sources */,
				F47BDA16196DD9C9007364AA /* HomeViewController.m in Sources */,
				F47AD7C81980754000E755B4 /* MIQMapaViewController.m in Sources */,
				F45E1C87197D90F4006FE945 /* MapAnnotation.m in Sources */,
				F47BDA1F196DDC16007364AA /* EventosMainTableViewController.m in Sources */,
				F4C34D1E197446A5000ACF0E /* Evento.m in Sources */,
				F47AD7AC198033DA00E755B4 /* MainTabBarController.m in Sources */,
				F4BB522C196C5A8A009E0402 /* main.m in Sources */,
				F45E1C8A197DC346006FE945 /* MapAnnotationView.m in Sources */,
				F4F44E29197D8C3800AE13DA /* MapViewController.m in Sources */,
			);
			runOnlyForDeploymentPostprocessing = 0;
		};
		F4BB523C196C5A8A009E0402 /* Sources */ = {
			isa = PBXSourcesBuildPhase;
			buildActionMask = 2147483647;
			files = (
				F4BB524E196C5A8A009E0402 /* MIQTests.m in Sources */,
			);
			runOnlyForDeploymentPostprocessing = 0;
		};
/* End PBXSourcesBuildPhase section */

/* Begin PBXTargetDependency section */
		F4BB5246196C5A8A009E0402 /* PBXTargetDependency */ = {
			isa = PBXTargetDependency;
			target = F4BB521B196C5A8A009E0402 /* MIQ */;
			targetProxy = F4BB5245196C5A8A009E0402 /* PBXContainerItemProxy */;
		};
/* End PBXTargetDependency section */

/* Begin PBXVariantGroup section */
		F4BB5228196C5A8A009E0402 /* InfoPlist.strings */ = {
			isa = PBXVariantGroup;
			children = (
				F4BB5229196C5A8A009E0402 /* en */,
			);
			name = InfoPlist.strings;
			sourceTree = "<group>";
		};
		F4BB5231196C5A8A009E0402 /* Main.storyboard */ = {
			isa = PBXVariantGroup;
			children = (
				F4BB5232196C5A8A009E0402 /* Base */,
			);
			name = Main.storyboard;
			sourceTree = "<group>";
		};
		F4BB524A196C5A8A009E0402 /* InfoPlist.strings */ = {
			isa = PBXVariantGroup;
			children = (
				F4BB524B196C5A8A009E0402 /* en */,
			);
			name = InfoPlist.strings;
			sourceTree = "<group>";
		};
/* End PBXVariantGroup section */

/* Begin XCBuildConfiguration section */
		F4BB524F196C5A8A009E0402 /* Debug */ = {
			isa = XCBuildConfiguration;
			buildSettings = {
				ALWAYS_SEARCH_USER_PATHS = NO;
				CLANG_CXX_LANGUAGE_STANDARD = "gnu++0x";
				CLANG_CXX_LIBRARY = "libc++";
				CLANG_ENABLE_MODULES = YES;
				CLANG_ENABLE_OBJC_ARC = YES;
				CLANG_WARN_BOOL_CONVERSION = YES;
				CLANG_WARN_CONSTANT_CONVERSION = YES;
				CLANG_WARN_DIRECT_OBJC_ISA_USAGE = YES_ERROR;
				CLANG_WARN_EMPTY_BODY = YES;
				CLANG_WARN_ENUM_CONVERSION = YES;
				CLANG_WARN_INT_CONVERSION = YES;
				CLANG_WARN_OBJC_ROOT_CLASS = YES_ERROR;
				CLANG_WARN__DUPLICATE_METHOD_MATCH = YES;
				"CODE_SIGN_IDENTITY[sdk=iphoneos*]" = "iPhone Developer";
				COPY_PHASE_STRIP = NO;
				GCC_C_LANGUAGE_STANDARD = gnu99;
				GCC_DYNAMIC_NO_PIC = NO;
				GCC_OPTIMIZATION_LEVEL = 0;
				GCC_PREPROCESSOR_DEFINITIONS = (
					"DEBUG=1",
					"$(inherited)",
				);
				GCC_SYMBOLS_PRIVATE_EXTERN = NO;
				GCC_WARN_64_TO_32_BIT_CONVERSION = YES;
				GCC_WARN_ABOUT_RETURN_TYPE = YES_ERROR;
				GCC_WARN_UNDECLARED_SELECTOR = YES;
				GCC_WARN_UNINITIALIZED_AUTOS = YES_AGGRESSIVE;
				GCC_WARN_UNUSED_FUNCTION = YES;
				GCC_WARN_UNUSED_VARIABLE = YES;
				IPHONEOS_DEPLOYMENT_TARGET = 7.1;
				ONLY_ACTIVE_ARCH = YES;
				SDKROOT = iphoneos;
			};
			name = Debug;
		};
		F4BB5250196C5A8A009E0402 /* Release */ = {
			isa = XCBuildConfiguration;
			buildSettings = {
				ALWAYS_SEARCH_USER_PATHS = NO;
				CLANG_CXX_LANGUAGE_STANDARD = "gnu++0x";
				CLANG_CXX_LIBRARY = "libc++";
				CLANG_ENABLE_MODULES = YES;
				CLANG_ENABLE_OBJC_ARC = YES;
				CLANG_WARN_BOOL_CONVERSION = YES;
				CLANG_WARN_CONSTANT_CONVERSION = YES;
				CLANG_WARN_DIRECT_OBJC_ISA_USAGE = YES_ERROR;
				CLANG_WARN_EMPTY_BODY = YES;
				CLANG_WARN_ENUM_CONVERSION = YES;
				CLANG_WARN_INT_CONVERSION = YES;
				CLANG_WARN_OBJC_ROOT_CLASS = YES_ERROR;
				CLANG_WARN__DUPLICATE_METHOD_MATCH = YES;
				"CODE_SIGN_IDENTITY[sdk=iphoneos*]" = "iPhone Developer";
				COPY_PHASE_STRIP = YES;
				ENABLE_NS_ASSERTIONS = NO;
				GCC_C_LANGUAGE_STANDARD = gnu99;
				GCC_WARN_64_TO_32_BIT_CONVERSION = YES;
				GCC_WARN_ABOUT_RETURN_TYPE = YES_ERROR;
				GCC_WARN_UNDECLARED_SELECTOR = YES;
				GCC_WARN_UNINITIALIZED_AUTOS = YES_AGGRESSIVE;
				GCC_WARN_UNUSED_FUNCTION = YES;
				GCC_WARN_UNUSED_VARIABLE = YES;
				IPHONEOS_DEPLOYMENT_TARGET = 7.1;
				SDKROOT = iphoneos;
				VALIDATE_PRODUCT = YES;
			};
			name = Release;
		};
		F4BB5252196C5A8A009E0402 /* Debug */ = {
			isa = XCBuildConfiguration;
			buildSettings = {
				ASSETCATALOG_COMPILER_APPICON_NAME = AppIcon;
				ASSETCATALOG_COMPILER_LAUNCHIMAGE_NAME = LaunchImage;
				CODE_SIGN_IDENTITY = "iPhone Developer";
				"CODE_SIGN_IDENTITY[sdk=iphoneos*]" = "iPhone Developer";
				GCC_PRECOMPILE_PREFIX_HEADER = YES;
				GCC_PREFIX_HEADER = "MIQ/MIQ-Prefix.pch";
				INFOPLIST_FILE = "MIQ/MIQ-Info.plist";
				IPHONEOS_DEPLOYMENT_TARGET = 7.1;
				PRODUCT_NAME = "$(TARGET_NAME)";
				PROVISIONING_PROFILE = "";
				WRAPPER_EXTENSION = app;
			};
			name = Debug;
		};
		F4BB5253196C5A8A009E0402 /* Release */ = {
			isa = XCBuildConfiguration;
			buildSettings = {
				ASSETCATALOG_COMPILER_APPICON_NAME = AppIcon;
				ASSETCATALOG_COMPILER_LAUNCHIMAGE_NAME = LaunchImage;
				CODE_SIGN_IDENTITY = "iPhone Developer";
				"CODE_SIGN_IDENTITY[sdk=iphoneos*]" = "iPhone Developer";
				GCC_PRECOMPILE_PREFIX_HEADER = YES;
				GCC_PREFIX_HEADER = "MIQ/MIQ-Prefix.pch";
				INFOPLIST_FILE = "MIQ/MIQ-Info.plist";
				IPHONEOS_DEPLOYMENT_TARGET = 7.1;
				PRODUCT_NAME = "$(TARGET_NAME)";
				PROVISIONING_PROFILE = "";
				WRAPPER_EXTENSION = app;
			};
			name = Release;
		};
		F4BB5255196C5A8A009E0402 /* Debug */ = {
			isa = XCBuildConfiguration;
			buildSettings = {
				BUNDLE_LOADER = "$(BUILT_PRODUCTS_DIR)/MIQ.app/MIQ";
				FRAMEWORK_SEARCH_PATHS = (
					"$(SDKROOT)/Developer/Library/Frameworks",
					"$(inherited)",
					"$(DEVELOPER_FRAMEWORKS_DIR)",
				);
				GCC_PRECOMPILE_PREFIX_HEADER = YES;
				GCC_PREFIX_HEADER = "MIQ/MIQ-Prefix.pch";
				GCC_PREPROCESSOR_DEFINITIONS = (
					"DEBUG=1",
					"$(inherited)",
				);
				INFOPLIST_FILE = "MIQTests/MIQTests-Info.plist";
				PRODUCT_NAME = "$(TARGET_NAME)";
				TEST_HOST = "$(BUNDLE_LOADER)";
				WRAPPER_EXTENSION = xctest;
			};
			name = Debug;
		};
		F4BB5256196C5A8A009E0402 /* Release */ = {
			isa = XCBuildConfiguration;
			buildSettings = {
				BUNDLE_LOADER = "$(BUILT_PRODUCTS_DIR)/MIQ.app/MIQ";
				FRAMEWORK_SEARCH_PATHS = (
					"$(SDKROOT)/Developer/Library/Frameworks",
					"$(inherited)",
					"$(DEVELOPER_FRAMEWORKS_DIR)",
				);
				GCC_PRECOMPILE_PREFIX_HEADER = YES;
				GCC_PREFIX_HEADER = "MIQ/MIQ-Prefix.pch";
				INFOPLIST_FILE = "MIQTests/MIQTests-Info.plist";
				PRODUCT_NAME = "$(TARGET_NAME)";
				TEST_HOST = "$(BUNDLE_LOADER)";
				WRAPPER_EXTENSION = xctest;
			};
			name = Release;
		};
/* End XCBuildConfiguration section */

/* Begin XCConfigurationList section */
		F4BB5217196C5A8A009E0402 /* Build configuration list for PBXProject "MIQ" */ = {
			isa = XCConfigurationList;
			buildConfigurations = (
				F4BB524F196C5A8A009E0402 /* Debug */,
				F4BB5250196C5A8A009E0402 /* Release */,
			);
			defaultConfigurationIsVisible = 0;
			defaultConfigurationName = Release;
		};
		F4BB5251196C5A8A009E0402 /* Build configuration list for PBXNativeTarget "MIQ" */ = {
			isa = XCConfigurationList;
			buildConfigurations = (
				F4BB5252196C5A8A009E0402 /* Debug */,
				F4BB5253196C5A8A009E0402 /* Release */,
			);
			defaultConfigurationIsVisible = 0;
			defaultConfigurationName = Release;
		};
		F4BB5254196C5A8A009E0402 /* Build configuration list for PBXNativeTarget "MIQTests" */ = {
			isa = XCConfigurationList;
			buildConfigurations = (
				F4BB5255196C5A8A009E0402 /* Debug */,
				F4BB5256196C5A8A009E0402 /* Release */,
			);
			defaultConfigurationIsVisible = 0;
			defaultConfigurationName = Release;
		};
/* End XCConfigurationList section */
	};
	rootObject = F4BB5214196C5A8A009E0402 /* Project object */;
}
